// !$*UTF8*$!
{
	archiveVersion = 1;
	classes = {
	};
	objectVersion = 46;
	objects = {

/* Begin PBXBuildFile section */
		8ECDD1B91D6C152300C6AC21 /* main.m in Sources */ = {isa = PBXBuildFile; fileRef = 8ECDD1B81D6C152300C6AC21 /* main.m */; };
		8ECDD1C11D6C15C200C6AC21 /* STObject.m in Sources */ = {isa = PBXBuildFile; fileRef = 8ECDD1C01D6C15C200C6AC21 /* STObject.m */; };
/* End PBXBuildFile section */

/* Begin PBXCopyFilesBuildPhase section */
		8ECDD1B31D6C152300C6AC21 /* CopyFiles */ = {
			isa = PBXCopyFilesBuildPhase;
			buildActionMask = 2147483647;
			dstPath = /usr/share/man/man1/;
			dstSubfolderSpec = 0;
			files = (
			);
			runOnlyForDeploymentPostprocessing = 1;
		};
/* End PBXCopyFilesBuildPhase section */

/* Begin PBXFileReference section */
		8ECDD1B51D6C152300C6AC21 /* 消息转发 */ = {isa = PBXFileReference; explicitFileType = "compiled.mach-o.executable"; includeInIndex = 0; path = "消息转发"; sourceTree = BUILT_PRODUCTS_DIR; };
		8ECDD1B81D6C152300C6AC21 /* main.m */ = {isa = PBXFileReference; lastKnownFileType = sourcecode.c.objc; path = main.m; sourceTree = "<group>"; };
		8ECDD1BF1D6C15C100C6AC21 /* STObject.h */ = {isa = PBXFileReference; fileEncoding = 4; lastKnownFileType = sourcecode.c.h; path = STObject.h; sourceTree = "<group>"; };
		8ECDD1C01D6C15C200C6AC21 /* STObject.m */ = {isa = PBXFileReference; fileEncoding = 4; lastKnownFileType = sourcecode.c.objc; path = STObject.m; sourceTree = "<group>"; wrapsLines = 0; };
/* End PBXFileReference section */

/* Begin PBXFrameworksBuildPhase section */
		8ECDD1B21D6C152300C6AC21 /* Frameworks */ = {
			isa = PBXFrameworksBuildPhase;
			buildActionMask = 2147483647;
			files = (
			);
			runOnlyForDeploymentPostprocessing = 0;
		};
/* End PBXFrameworksBuildPhase section */

/* Begin PBXGroup section */
		8ECDD1AC1D6C152300C6AC21 = {
			isa = PBXGroup;
			children = (
				8ECDD1B71D6C152300C6AC21 /* 消息转发 */,
				8ECDD1B61D6C152300C6AC21 /* Products */,
			);
			sourceTree = "<group>";
		};
		8ECDD1B61D6C152300C6AC21 /* Products */ = {
			isa = PBXGroup;
			children = (
				8ECDD1B51D6C152300C6AC21 /* 消息转发 */,
			);
			name = Products;
			sourceTree = "<group>";
		};
		8ECDD1B71D6C152300C6AC21 /* 消息转发 */ = {
			isa = PBXGroup;
			children = (
				8ECDD1B81D6C152300C6AC21 /* main.m */,
				8ECDD1BF1D6C15C100C6AC21 /* STObject.h */,
				8ECDD1C01D6C15C200C6AC21 /* STObject.m */,
			);
			path = "消息转发";
			sourceTree = "<group>";
		};
/* End PBXGroup section */

/* Begin PBXNativeTarget section */
		8ECDD1B41D6C152300C6AC21 /* 消息转发 */ = {
			isa = PBXNativeTarget;
			buildConfigurationList = 8ECDD1BC1D6C152300C6AC21 /* Build configuration list for PBXNativeTarget "消息转发" */;
			buildPhases = (
				8ECDD1B11D6C152300C6AC21 /* Sources */,
				8ECDD1B21D6C152300C6AC21 /* Frameworks */,
				8ECDD1B31D6C152300C6AC21 /* CopyFiles */,
			);
			buildRules = (
			);
			dependencies = (
			);
			name = "消息转发";
			productName = "消息转发";
			productReference = 8ECDD1B51D6C152300C6AC21 /* 消息转发 */;
			productType = "com.apple.product-type.tool";
		};
/* End PBXNativeTarget section */

/* Begin PBXProject section */
		8ECDD1AD1D6C152300C6AC21 /* Project object */ = {
			isa = PBXProject;
			attributes = {
				LastUpgradeCheck = 0720;
				ORGANIZATIONNAME = duoyi;
				TargetAttributes = {
					8ECDD1B41D6C152300C6AC21 = {
						CreatedOnToolsVersion = 7.2.1;
					};
				};
			};
			buildConfigurationList = 8ECDD1B01D6C152300C6AC21 /* Build configuration list for PBXProject "消息转发" */;
			compatibilityVersion = "Xcode 3.2";
			developmentRegion = English;
			hasScannedForEncodings = 0;
			knownRegions = (
				en,
			);
			mainGroup = 8ECDD1AC1D6C152300C6AC21;
			productRefGroup = 8ECDD1B61D6C152300C6AC21 /* Products */;
			projectDirPath = "";
			projectRoot = "";
			targets = (
				8ECDD1B41D6C152300C6AC21 /* 消息转发 */,
			);
		};
/* End PBXProject section */

/* Begin PBXSourcesBuildPhase section */
		8ECDD1B11D6C152300C6AC21 /* Sources */ = {
			isa = PBXSourcesBuildPhase;
			buildActionMask = 2147483647;
			files = (
				8ECDD1B91D6C152300C6AC21 /* main.m in Sources */,
				8ECDD1C11D6C15C200C6AC21 /* STObject.m in Sources */,
			);
			runOnlyForDeploymentPostprocessing = 0;
		};
/* End PBXSourcesBuildPhase section */

/* Begin XCBuildConfiguration section */
		8ECDD1BA1D6C152300C6AC21 /* Debug */ = {
			isa = XCBuildConfiguration;
			buildSettings = {
				ALWAYS_SEARCH_USER_PATHS = NO;
				CLANG_CXX_LANGUAGE_STANDARD = "gnu++0x";
				CLANG_CXX_LIBRARY = "libc++";
				CLANG_ENABLE_MODULES = YES;
				CLANG_ENABLE_OBJC_ARC = YES;
				CLANG_WARN_BOOL_CONVERSION = YES;
				CLANG_WARN_CONSTANT_CONVERSION = YES;
				CLANG_WARN_DIRECT_OBJC_ISA_USAGE = YES_ERROR;
				CLANG_WARN_EMPTY_BODY = YES;
				CLANG_WARN_ENUM_CONVERSION = YES;
				CLANG_WARN_INT_CONVERSION = YES;
				CLANG_WARN_OBJC_ROOT_CLASS = YES_ERROR;
				CLANG_WARN_UNREACHABLE_CODE = YES;
				CLANG_WARN__DUPLICATE_METHOD_MATCH = YES;
				CODE_SIGN_IDENTITY = "-";
				COPY_PHASE_STRIP = NO;
				DEBUG_INFORMATION_FORMAT = dwarf;
				ENABLE_STRICT_OBJC_MSGSEND = YES;
				ENABLE_TESTABILITY = YES;
				GCC_C_LANGUAGE_STANDARD = gnu99;
				GCC_DYNAMIC_NO_PIC = NO;
				GCC_NO_COMMON_BLOCKS = YES;
				GCC_OPTIMIZATION_LEVEL = 0;
				GCC_PREPROCESSOR_DEFINITIONS = (
					"DEBUG=1",
					"$(inherited)",
				);
				GCC_WARN_64_TO_32_BIT_CONVERSION = YES;
				GCC_WARN_ABOUT_RETURN_TYPE = YES_ERROR;
				GCC_WARN_UNDECLARED_SELECTOR = YES;
				GCC_WARN_UNINITIALIZED_AUTOS = YES_AGGRESSIVE;
				GCC_WARN_UNUSED_FUNCTION = YES;
				GCC_WARN_UNUSED_VARIABLE = YES;
				MACOSX_DEPLOYMENT_TARGET = 10.10;
				MTL_ENABLE_DEBUG_INFO = YES;
				ONLY_ACTIVE_ARCH = YES;
				SDKROOT = macosx;
			};
			name = Debug;
		};
		8ECDD1BB1D6C152300C6AC21 /* Release */ = {
			isa = XCBuildConfiguration;
			buildSettings = {
				ALWAYS_SEARCH_USER_PATHS = NO;
				CLANG_CXX_LANGUAGE_STANDARD = "gnu++0x";
				CLANG_CXX_LIBRARY = "libc++";
				CLANG_ENABLE_MODULES = YES;
				CLANG_ENABLE_OBJC_ARC = YES;
				CLANG_WARN_BOOL_CONVERSION = YES;
				CLANG_WARN_CONSTANT_CONVERSION = YES;
				CLANG_WARN_DIRECT_OBJC_ISA_USAGE = YES_ERROR;
				CLANG_WARN_EMPTY_BODY = YES;
				CLANG_WARN_ENUM_CONVERSION = YES;
				CLANG_WARN_INT_CONVERSION = YES;
				CLANG_WARN_OBJC_ROOT_CLASS = YES_ERROR;
				CLANG_WARN_UNREACHABLE_CODE = YES;
				CLANG_WARN__DUPLICATE_METHOD_MATCH = YES;
				CODE_SIGN_IDENTITY = "-";
				COPY_PHASE_STRIP = NO;
				DEBUG_INFORMATION_FORMAT = "dwarf-with-dsym";
				ENABLE_NS_ASSERTIONS = NO;
				ENABLE_STRICT_OBJC_MSGSEND = YES;
				GCC_C_LANGUAGE_STANDARD = gnu99;
				GCC_NO_COMMON_BLOCKS = YES;
				GCC_WARN_64_TO_32_BIT_CONVERSION = YES;
				GCC_WARN_ABOUT_RETURN_TYPE = YES_ERROR;
				GCC_WARN_UNDECLARED_SELECTOR = YES;
				GCC_WARN_UNINITIALIZED_AUTOS = YES_AGGRESSIVE;
				GCC_WARN_UNUSED_FUNCTION = YES;
				GCC_WARN_UNUSED_VARIABLE = YES;
				MACOSX_DEPLOYMENT_TARGET = 10.10;
				MTL_ENABLE_DEBUG_INFO = NO;
				SDKROOT = macosx;
			};
			name = Release;
		};
		8ECDD1BD1D6C152300C6AC21 /* Debug */ = {
			isa = XCBuildConfiguration;
			buildSettings = {
				PRODUCT_NAME = "$(TARGET_NAME)";
			};
			name = Debug;
		};
		8ECDD1BE1D6C152300C6AC21 /* Release */ = {
			isa = XCBuildConfiguration;
			buildSettings = {
				PRODUCT_NAME = "$(TARGET_NAME)";
			};
			name = Release;
		};
/* End XCBuildConfiguration section */

/* Begin XCConfigurationList section */
		8ECDD1B01D6C152300C6AC21 /* Build configuration list for PBXProject "消息转发" */ = {
			isa = XCConfigurationList;
			buildConfigurations = (
				8ECDD1BA1D6C152300C6AC21 /* Debug */,
				8ECDD1BB1D6C152300C6AC21 /* Release */,
			);
			defaultConfigurationIsVisible = 0;
			defaultConfigurationName = Release;
		};
		8ECDD1BC1D6C152300C6AC21 /* Build configuration list for PBXNativeTarget "消息转发" */ = {
			isa = XCConfigurationList;
			buildConfigurations = (
				8ECDD1BD1D6C152300C6AC21 /* Debug */,
				8ECDD1BE1D6C152300C6AC21 /* Release */,
			);
			defaultConfigurationIsVisible = 0;
		};
/* End XCConfigurationList section */
	};
	rootObject = 8ECDD1AD1D6C152300C6AC21 /* Project object */;
}
